
Microsoft Visual Studio Solution File, Format Version 12.00
# Visual Studio Version 17
VisualStudioVersion = 17.11.35327.3
MinimumVisualStudioVersion = 10.0.40219.1
Project("{FAE04EC0-301F-11D3-BF4B-00C04F79EFBC}") = "ScreenSound-04", "ScreenSound-04.csproj", "{6261E116-9D76-444C-AB02-AE2751890142}"
EndProject
Global
	GlobalSection(SolutionConfigurationPlatforms) = preSolution
		Debug|Any CPU = Debug|Any CPU
		Release|Any CPU = Release|Any CPU
	EndGlobalSection
	GlobalSection(ProjectConfigurationPlatforms) = postSolution
		{6261E116-9D76-444C-AB02-AE2751890142}.Debug|Any CPU.ActiveCfg = Debug|Any CPU
		{6261E116-9D76-444C-AB02-AE2751890142}.Debug|Any CPU.Build.0 = Debug|Any CPU
		{6261E116-9D76-444C-AB02-AE2751890142}.Release|Any CPU.ActiveCfg = Release|Any CPU
		{6261E116-9D76-444C-AB02-AE2751890142}.Release|Any CPU.Build.0 = Release|Any CPU
	EndGlobalSection
	GlobalSection(SolutionProperties) = preSolution
		HideSolutionNode = FALSE
	EndGlobalSection
	GlobalSection(ExtensibilityGlobals) = postSolution
		SolutionGuid = {73F68BB6-FCD6-44F5-9DC6-99A411F82F55}
	EndGlobalSection
EndGlobal
